
Microsoft Visual Studio Solution File, Format Version 12.00
# Visual Studio Version 17
VisualStudioVersion = 17.5.002.0
MinimumVisualStudioVersion = 10.0.40219.1
Project("{9A19103F-16F7-4668-BE54-9A1E7A4F7556}") = "InmobiliariaSaucedo", "InmobiliariaSaucedo.csproj", "{3CCA4585-11DB-424C-8B66-FDA7A7617CC8}"
EndProject
Global
	GlobalSection(SolutionConfigurationPlatforms) = preSolution
		Debug|Any CPU = Debug|Any CPU
		Release|Any CPU = Release|Any CPU
	EndGlobalSection
	GlobalSection(ProjectConfigurationPlatforms) = postSolution
		{3CCA4585-11DB-424C-8B66-FDA7A7617CC8}.Debug|Any CPU.ActiveCfg = Debug|Any CPU
		{3CCA4585-11DB-424C-8B66-FDA7A7617CC8}.Debug|Any CPU.Build.0 = Debug|Any CPU
		{3CCA4585-11DB-424C-8B66-FDA7A7617CC8}.Release|Any CPU.ActiveCfg = Release|Any CPU
		{3CCA4585-11DB-424C-8B66-FDA7A7617CC8}.Release|Any CPU.Build.0 = Release|Any CPU
	EndGlobalSection
	GlobalSection(SolutionProperties) = preSolution
		HideSolutionNode = FALSE
	EndGlobalSection
	GlobalSection(ExtensibilityGlobals) = postSolution
		SolutionGuid = {80B96A37-7B23-40BF-9E75-815871BFD01E}
	EndGlobalSection
EndGlobal
